
Microsoft Visual Studio Solution File, Format Version 11.00
# Visual Studio 2010
Project("{FAE04EC0-301F-11D3-BF4B-00C04F79EFBC}") = "DomainrSharp.Net40", "DomainrSharp\DomainrSharp.Net40.csproj", "{3C5271EB-E622-4457-91D1-FA9286A0E2CB}"
EndProject
Project("{FAE04EC0-301F-11D3-BF4B-00C04F79EFBC}") = "DomainrSharp.WindowsPhone", "DomainrSharp.WindowsPhone\DomainrSharp.WindowsPhone.csproj", "{1704FE97-03A8-42B5-87B0-35060EBF2395}"
EndProject
Project("{FAE04EC0-301F-11D3-BF4B-00C04F79EFBC}") = "DomainrSharp.Silverlight", "DomainrSharp.Silverlight\DomainrSharp.Silverlight.csproj", "{5D95AA28-9957-407B-8ABD-9E5EDA526BFF}"
EndProject
Project("{FAE04EC0-301F-11D3-BF4B-00C04F79EFBC}") = "DomainrSharp.Net35", "DomainrSharp.Net35\DomainrSharp.Net35.csproj", "{E3508780-ED79-455C-99F1-7DE70B1D606E}"
EndProject
Global
	GlobalSection(SolutionConfigurationPlatforms) = preSolution
		Debug|Any CPU = Debug|Any CPU
		Release|Any CPU = Release|Any CPU
	EndGlobalSection
	GlobalSection(ProjectConfigurationPlatforms) = postSolution
		{3C5271EB-E622-4457-91D1-FA9286A0E2CB}.Debug|Any CPU.ActiveCfg = Debug|Any CPU
		{3C5271EB-E622-4457-91D1-FA9286A0E2CB}.Debug|Any CPU.Build.0 = Debug|Any CPU
		{3C5271EB-E622-4457-91D1-FA9286A0E2CB}.Release|Any CPU.ActiveCfg = Release|Any CPU
		{3C5271EB-E622-4457-91D1-FA9286A0E2CB}.Release|Any CPU.Build.0 = Release|Any CPU
		{1704FE97-03A8-42B5-87B0-35060EBF2395}.Debug|Any CPU.ActiveCfg = Debug|Any CPU
		{1704FE97-03A8-42B5-87B0-35060EBF2395}.Debug|Any CPU.Build.0 = Debug|Any CPU
		{1704FE97-03A8-42B5-87B0-35060EBF2395}.Release|Any CPU.ActiveCfg = Release|Any CPU
		{1704FE97-03A8-42B5-87B0-35060EBF2395}.Release|Any CPU.Build.0 = Release|Any CPU
		{5D95AA28-9957-407B-8ABD-9E5EDA526BFF}.Debug|Any CPU.ActiveCfg = Debug|Any CPU
		{5D95AA28-9957-407B-8ABD-9E5EDA526BFF}.Debug|Any CPU.Build.0 = Debug|Any CPU
		{5D95AA28-9957-407B-8ABD-9E5EDA526BFF}.Release|Any CPU.ActiveCfg = Release|Any CPU
		{5D95AA28-9957-407B-8ABD-9E5EDA526BFF}.Release|Any CPU.Build.0 = Release|Any CPU
		{E3508780-ED79-455C-99F1-7DE70B1D606E}.Debug|Any CPU.ActiveCfg = Debug|Any CPU
		{E3508780-ED79-455C-99F1-7DE70B1D606E}.Debug|Any CPU.Build.0 = Debug|Any CPU
		{E3508780-ED79-455C-99F1-7DE70B1D606E}.Release|Any CPU.ActiveCfg = Release|Any CPU
		{E3508780-ED79-455C-99F1-7DE70B1D606E}.Release|Any CPU.Build.0 = Release|Any CPU
	EndGlobalSection
	GlobalSection(SolutionProperties) = preSolution
		HideSolutionNode = FALSE
	EndGlobalSection
EndGlobal
